
Microsoft Visual Studio Solution File, Format Version 12.00
# Visual Studio 15
VisualStudioVersion = 15.0.27130.2026
MinimumVisualStudioVersion = 10.0.40219.1
Project("{FAE04EC0-301F-11D3-BF4B-00C04F79EFBC}") = "CarDealer.Client", "CarDealer.Client\CarDealer.Client.csproj", "{D5406AFE-11F3-41E0-ADFF-1C57AB5EF1A4}"
EndProject
Project("{FAE04EC0-301F-11D3-BF4B-00C04F79EFBC}") = "CarDealer.Data", "CarDealer.Data\CarDealer.Data.csproj", "{B084A05A-B940-42AC-97CB-948AFE8F9C02}"
EndProject
Project("{FAE04EC0-301F-11D3-BF4B-00C04F79EFBC}") = "CarDealer.Models", "CarDealer.Models\CarDealer.Models.csproj", "{63E08630-94F6-437F-956C-24D2970CF3AE}"
EndProject
Project("{FAE04EC0-301F-11D3-BF4B-00C04F79EFBC}") = "CarDealer.DatabaseInitializer", "CarDealer.DatabaseInitializer\CarDealer.DatabaseInitializer.csproj", "{5358F970-FDC8-49D8-BA31-C5ADA6168F01}"
EndProject
Project("{FAE04EC0-301F-11D3-BF4B-00C04F79EFBC}") = "CarDealer.DTOs", "CarDealer.DTOs\CarDealer.DTOs.csproj", "{B829CDE5-4E83-4EBC-AFEB-D21703C372FF}"
EndProject
Global
	GlobalSection(SolutionConfigurationPlatforms) = preSolution
		Debug|Any CPU = Debug|Any CPU
		Release|Any CPU = Release|Any CPU
	EndGlobalSection
	GlobalSection(ProjectConfigurationPlatforms) = postSolution
		{D5406AFE-11F3-41E0-ADFF-1C57AB5EF1A4}.Debug|Any CPU.ActiveCfg = Debug|Any CPU
		{D5406AFE-11F3-41E0-ADFF-1C57AB5EF1A4}.Debug|Any CPU.Build.0 = Debug|Any CPU
		{D5406AFE-11F3-41E0-ADFF-1C57AB5EF1A4}.Release|Any CPU.ActiveCfg = Release|Any CPU
		{D5406AFE-11F3-41E0-ADFF-1C57AB5EF1A4}.Release|Any CPU.Build.0 = Release|Any CPU
		{B084A05A-B940-42AC-97CB-948AFE8F9C02}.Debug|Any CPU.ActiveCfg = Debug|Any CPU
		{B084A05A-B940-42AC-97CB-948AFE8F9C02}.Debug|Any CPU.Build.0 = Debug|Any CPU
		{B084A05A-B940-42AC-97CB-948AFE8F9C02}.Release|Any CPU.ActiveCfg = Release|Any CPU
		{B084A05A-B940-42AC-97CB-948AFE8F9C02}.Release|Any CPU.Build.0 = Release|Any CPU
		{63E08630-94F6-437F-956C-24D2970CF3AE}.Debug|Any CPU.ActiveCfg = Debug|Any CPU
		{63E08630-94F6-437F-956C-24D2970CF3AE}.Debug|Any CPU.Build.0 = Debug|Any CPU
		{63E08630-94F6-437F-956C-24D2970CF3AE}.Release|Any CPU.ActiveCfg = Release|Any CPU
		{63E08630-94F6-437F-956C-24D2970CF3AE}.Release|Any CPU.Build.0 = Release|Any CPU
		{5358F970-FDC8-49D8-BA31-C5ADA6168F01}.Debug|Any CPU.ActiveCfg = Debug|Any CPU
		{5358F970-FDC8-49D8-BA31-C5ADA6168F01}.Debug|Any CPU.Build.0 = Debug|Any CPU
		{5358F970-FDC8-49D8-BA31-C5ADA6168F01}.Release|Any CPU.ActiveCfg = Release|Any CPU
		{5358F970-FDC8-49D8-BA31-C5ADA6168F01}.Release|Any CPU.Build.0 = Release|Any CPU
		{B829CDE5-4E83-4EBC-AFEB-D21703C372FF}.Debug|Any CPU.ActiveCfg = Debug|Any CPU
		{B829CDE5-4E83-4EBC-AFEB-D21703C372FF}.Debug|Any CPU.Build.0 = Debug|Any CPU
		{B829CDE5-4E83-4EBC-AFEB-D21703C372FF}.Release|Any CPU.ActiveCfg = Release|Any CPU
		{B829CDE5-4E83-4EBC-AFEB-D21703C372FF}.Release|Any CPU.Build.0 = Release|Any CPU
	EndGlobalSection
	GlobalSection(SolutionProperties) = preSolution
		HideSolutionNode = FALSE
	EndGlobalSection
	GlobalSection(ExtensibilityGlobals) = postSolution
		SolutionGuid = {7E68195A-28AC-4880-A0B8-D6BF0C264D3A}
	EndGlobalSection
EndGlobal
