
Microsoft Visual Studio Solution File, Format Version 12.00
# Visual Studio 15
VisualStudioVersion = 15.0.27130.2026
MinimumVisualStudioVersion = 10.0.40219.1
Project("{9A19103F-16F7-4668-BE54-9A1E7A4F7556}") = "HospitalDatabaseInitializer", "HospitalDatabaseInitializer\HospitalDatabaseInitializer.csproj", "{571C8324-D9DE-4F97-8F22-3E0971F44CF5}"
EndProject
Project("{9A19103F-16F7-4668-BE54-9A1E7A4F7556}") = "P01_HospitalDatabase", "P01_HospitalDatabase\P01_HospitalDatabase.csproj", "{0A3E7E09-65EB-4C33-AD46-C414DDF032D5}"
EndProject
Project("{FAE04EC0-301F-11D3-BF4B-00C04F79EFBC}") = "P03_SalesDatabase", "P03_SalesDatabase\P03_SalesDatabase.csproj", "{C3476FEE-A147-4108-A936-1F207C50298C}"
EndProject
Global
	GlobalSection(SolutionConfigurationPlatforms) = preSolution
		Debug|Any CPU = Debug|Any CPU
		Release|Any CPU = Release|Any CPU
	EndGlobalSection
	GlobalSection(ProjectConfigurationPlatforms) = postSolution
		{571C8324-D9DE-4F97-8F22-3E0971F44CF5}.Debug|Any CPU.ActiveCfg = Debug|Any CPU
		{571C8324-D9DE-4F97-8F22-3E0971F44CF5}.Debug|Any CPU.Build.0 = Debug|Any CPU
		{571C8324-D9DE-4F97-8F22-3E0971F44CF5}.Release|Any CPU.ActiveCfg = Release|Any CPU
		{571C8324-D9DE-4F97-8F22-3E0971F44CF5}.Release|Any CPU.Build.0 = Release|Any CPU
		{0A3E7E09-65EB-4C33-AD46-C414DDF032D5}.Debug|Any CPU.ActiveCfg = Debug|Any CPU
		{0A3E7E09-65EB-4C33-AD46-C414DDF032D5}.Debug|Any CPU.Build.0 = Debug|Any CPU
		{0A3E7E09-65EB-4C33-AD46-C414DDF032D5}.Release|Any CPU.ActiveCfg = Release|Any CPU
		{0A3E7E09-65EB-4C33-AD46-C414DDF032D5}.Release|Any CPU.Build.0 = Release|Any CPU
		{C3476FEE-A147-4108-A936-1F207C50298C}.Debug|Any CPU.ActiveCfg = Debug|Any CPU
		{C3476FEE-A147-4108-A936-1F207C50298C}.Debug|Any CPU.Build.0 = Debug|Any CPU
		{C3476FEE-A147-4108-A936-1F207C50298C}.Release|Any CPU.ActiveCfg = Release|Any CPU
		{C3476FEE-A147-4108-A936-1F207C50298C}.Release|Any CPU.Build.0 = Release|Any CPU
	EndGlobalSection
	GlobalSection(SolutionProperties) = preSolution
		HideSolutionNode = FALSE
	EndGlobalSection
	GlobalSection(ExtensibilityGlobals) = postSolution
		SolutionGuid = {27DD25D9-3109-47F5-A7C2-7235DDA13E46}
	EndGlobalSection
EndGlobal
