
Microsoft Visual Studio Solution File, Format Version 12.00
# Visual Studio 15
VisualStudioVersion = 15.0.27130.2026
MinimumVisualStudioVersion = 10.0.40219.1
Project("{9A19103F-16F7-4668-BE54-9A1E7A4F7556}") = "Employees.App", "Employees.App\Employees.App.csproj", "{D6DCA15B-678F-4104-9486-DB6FFCAA922F}"
EndProject
Project("{9A19103F-16F7-4668-BE54-9A1E7A4F7556}") = "Employees.Data", "Employees.Data\Employees.Data.csproj", "{F63020A0-2511-44F7-926B-CF3CBDA86A0F}"
EndProject
Project("{9A19103F-16F7-4668-BE54-9A1E7A4F7556}") = "Employees.Models", "Employees.Models\Employees.Models.csproj", "{1654DA7A-077F-4B5A-908E-3C833DC3269A}"
EndProject
Project("{9A19103F-16F7-4668-BE54-9A1E7A4F7556}") = "Employees.Services", "Employees.Services\Employees.Services.csproj", "{93CD8DFE-226C-4038-8E47-E1B5A932CDA8}"
EndProject
Project("{9A19103F-16F7-4668-BE54-9A1E7A4F7556}") = "Employees.DTOs", "Employees.DTOs\Employees.DTOs.csproj", "{76DD2863-FC37-4C30-8D51-D08B00826A25}"
EndProject
Global
	GlobalSection(SolutionConfigurationPlatforms) = preSolution
		Debug|Any CPU = Debug|Any CPU
		Release|Any CPU = Release|Any CPU
	EndGlobalSection
	GlobalSection(ProjectConfigurationPlatforms) = postSolution
		{D6DCA15B-678F-4104-9486-DB6FFCAA922F}.Debug|Any CPU.ActiveCfg = Debug|Any CPU
		{D6DCA15B-678F-4104-9486-DB6FFCAA922F}.Debug|Any CPU.Build.0 = Debug|Any CPU
		{D6DCA15B-678F-4104-9486-DB6FFCAA922F}.Release|Any CPU.ActiveCfg = Release|Any CPU
		{D6DCA15B-678F-4104-9486-DB6FFCAA922F}.Release|Any CPU.Build.0 = Release|Any CPU
		{F63020A0-2511-44F7-926B-CF3CBDA86A0F}.Debug|Any CPU.ActiveCfg = Debug|Any CPU
		{F63020A0-2511-44F7-926B-CF3CBDA86A0F}.Debug|Any CPU.Build.0 = Debug|Any CPU
		{F63020A0-2511-44F7-926B-CF3CBDA86A0F}.Release|Any CPU.ActiveCfg = Release|Any CPU
		{F63020A0-2511-44F7-926B-CF3CBDA86A0F}.Release|Any CPU.Build.0 = Release|Any CPU
		{1654DA7A-077F-4B5A-908E-3C833DC3269A}.Debug|Any CPU.ActiveCfg = Debug|Any CPU
		{1654DA7A-077F-4B5A-908E-3C833DC3269A}.Debug|Any CPU.Build.0 = Debug|Any CPU
		{1654DA7A-077F-4B5A-908E-3C833DC3269A}.Release|Any CPU.ActiveCfg = Release|Any CPU
		{1654DA7A-077F-4B5A-908E-3C833DC3269A}.Release|Any CPU.Build.0 = Release|Any CPU
		{93CD8DFE-226C-4038-8E47-E1B5A932CDA8}.Debug|Any CPU.ActiveCfg = Debug|Any CPU
		{93CD8DFE-226C-4038-8E47-E1B5A932CDA8}.Debug|Any CPU.Build.0 = Debug|Any CPU
		{93CD8DFE-226C-4038-8E47-E1B5A932CDA8}.Release|Any CPU.ActiveCfg = Release|Any CPU
		{93CD8DFE-226C-4038-8E47-E1B5A932CDA8}.Release|Any CPU.Build.0 = Release|Any CPU
		{76DD2863-FC37-4C30-8D51-D08B00826A25}.Debug|Any CPU.ActiveCfg = Debug|Any CPU
		{76DD2863-FC37-4C30-8D51-D08B00826A25}.Debug|Any CPU.Build.0 = Debug|Any CPU
		{76DD2863-FC37-4C30-8D51-D08B00826A25}.Release|Any CPU.ActiveCfg = Release|Any CPU
		{76DD2863-FC37-4C30-8D51-D08B00826A25}.Release|Any CPU.Build.0 = Release|Any CPU
	EndGlobalSection
	GlobalSection(SolutionProperties) = preSolution
		HideSolutionNode = FALSE
	EndGlobalSection
	GlobalSection(ExtensibilityGlobals) = postSolution
		SolutionGuid = {BE3D76BE-0D8C-4808-B6D0-954C3D9076DA}
	EndGlobalSection
EndGlobal
