
Microsoft Visual Studio Solution File, Format Version 12.00
# Visual Studio 15
VisualStudioVersion = 15.0.27130.2026
MinimumVisualStudioVersion = 10.0.40219.1
Project("{9A19103F-16F7-4668-BE54-9A1E7A4F7556}") = "ProductShop.Models", "ProductShop.Models\ProductShop.Models.csproj", "{D20082BD-3180-467B-AA75-E909ED64627D}"
EndProject
Project("{9A19103F-16F7-4668-BE54-9A1E7A4F7556}") = "ProductShop.Data", "ProductShop.Data\ProductShop.Data.csproj", "{63B2466D-B6F5-4AA0-9917-47F7AF1EF477}"
EndProject
Project("{9A19103F-16F7-4668-BE54-9A1E7A4F7556}") = "ProductShop.Client", "ProductShop.Client\ProductShop.Client.csproj", "{39D26BEA-ABB7-4B59-8CB2-AC428841EEB0}"
EndProject
Project("{FAE04EC0-301F-11D3-BF4B-00C04F79EFBC}") = "ProductShop.DatabaseInitializer", "ProductShop.DatabaseInitializer\ProductShop.DatabaseInitializer.csproj", "{161BA6D4-8A48-4840-9C55-8190A442E9C2}"
EndProject
Project("{FAE04EC0-301F-11D3-BF4B-00C04F79EFBC}") = "ProductShop.DTOs", "ProductShop.DTOs\ProductShop.DTOs.csproj", "{5341120B-0B18-499F-ADEA-858A1239B898}"
EndProject
Global
	GlobalSection(SolutionConfigurationPlatforms) = preSolution
		Debug|Any CPU = Debug|Any CPU
		Release|Any CPU = Release|Any CPU
	EndGlobalSection
	GlobalSection(ProjectConfigurationPlatforms) = postSolution
		{D20082BD-3180-467B-AA75-E909ED64627D}.Debug|Any CPU.ActiveCfg = Debug|Any CPU
		{D20082BD-3180-467B-AA75-E909ED64627D}.Debug|Any CPU.Build.0 = Debug|Any CPU
		{D20082BD-3180-467B-AA75-E909ED64627D}.Release|Any CPU.ActiveCfg = Release|Any CPU
		{D20082BD-3180-467B-AA75-E909ED64627D}.Release|Any CPU.Build.0 = Release|Any CPU
		{63B2466D-B6F5-4AA0-9917-47F7AF1EF477}.Debug|Any CPU.ActiveCfg = Debug|Any CPU
		{63B2466D-B6F5-4AA0-9917-47F7AF1EF477}.Debug|Any CPU.Build.0 = Debug|Any CPU
		{63B2466D-B6F5-4AA0-9917-47F7AF1EF477}.Release|Any CPU.ActiveCfg = Release|Any CPU
		{63B2466D-B6F5-4AA0-9917-47F7AF1EF477}.Release|Any CPU.Build.0 = Release|Any CPU
		{39D26BEA-ABB7-4B59-8CB2-AC428841EEB0}.Debug|Any CPU.ActiveCfg = Debug|Any CPU
		{39D26BEA-ABB7-4B59-8CB2-AC428841EEB0}.Debug|Any CPU.Build.0 = Debug|Any CPU
		{39D26BEA-ABB7-4B59-8CB2-AC428841EEB0}.Release|Any CPU.ActiveCfg = Release|Any CPU
		{39D26BEA-ABB7-4B59-8CB2-AC428841EEB0}.Release|Any CPU.Build.0 = Release|Any CPU
		{161BA6D4-8A48-4840-9C55-8190A442E9C2}.Debug|Any CPU.ActiveCfg = Debug|Any CPU
		{161BA6D4-8A48-4840-9C55-8190A442E9C2}.Debug|Any CPU.Build.0 = Debug|Any CPU
		{161BA6D4-8A48-4840-9C55-8190A442E9C2}.Release|Any CPU.ActiveCfg = Release|Any CPU
		{161BA6D4-8A48-4840-9C55-8190A442E9C2}.Release|Any CPU.Build.0 = Release|Any CPU
		{5341120B-0B18-499F-ADEA-858A1239B898}.Debug|Any CPU.ActiveCfg = Debug|Any CPU
		{5341120B-0B18-499F-ADEA-858A1239B898}.Debug|Any CPU.Build.0 = Debug|Any CPU
		{5341120B-0B18-499F-ADEA-858A1239B898}.Release|Any CPU.ActiveCfg = Release|Any CPU
		{5341120B-0B18-499F-ADEA-858A1239B898}.Release|Any CPU.Build.0 = Release|Any CPU
	EndGlobalSection
	GlobalSection(SolutionProperties) = preSolution
		HideSolutionNode = FALSE
	EndGlobalSection
	GlobalSection(ExtensibilityGlobals) = postSolution
		SolutionGuid = {2CF481B3-A528-4F0D-A1CB-263BC9C55E9E}
	EndGlobalSection
EndGlobal
